
Microsoft Visual Studio Solution File, Format Version 12.00
# Visual Studio Version 16
VisualStudioVersion = 16.0.29409.12
MinimumVisualStudioVersion = 10.0.40219.1
Project("{FAE04EC0-301F-11D3-BF4B-00C04F79EFBC}") = "SorterBrawl", "SorterBrawl\SorterBrawl.csproj", "{CBE41B28-3286-40D1-9A69-1FCD06E647A7}"
EndProject
Global
	GlobalSection(SolutionConfigurationPlatforms) = preSolution
		Debug|Any CPU = Debug|Any CPU
		Release|Any CPU = Release|Any CPU
	EndGlobalSection
	GlobalSection(ProjectConfigurationPlatforms) = postSolution
		{CBE41B28-3286-40D1-9A69-1FCD06E647A7}.Debug|Any CPU.ActiveCfg = Debug|Any CPU
		{CBE41B28-3286-40D1-9A69-1FCD06E647A7}.Debug|Any CPU.Build.0 = Debug|Any CPU
		{CBE41B28-3286-40D1-9A69-1FCD06E647A7}.Release|Any CPU.ActiveCfg = Release|Any CPU
		{CBE41B28-3286-40D1-9A69-1FCD06E647A7}.Release|Any CPU.Build.0 = Release|Any CPU
	EndGlobalSection
	GlobalSection(SolutionProperties) = preSolution
		HideSolutionNode = FALSE
	EndGlobalSection
	GlobalSection(ExtensibilityGlobals) = postSolution
		SolutionGuid = {C2682BAD-D8EE-491F-A92C-4B186AD96A60}
	EndGlobalSection
EndGlobal
